// !$*UTF8*$!
{
	archiveVersion = 1;
	classes = {
	};
	objectVersion = 51;
	objects = {

/* Begin PBXBuildFile section */
		81010D412420087F00B26E67 /* UIColorExtension.swift in Sources */ = {isa = PBXBuildFile; fileRef = 81010D402420087F00B26E67 /* UIColorExtension.swift */; };
		81010D432420109F00B26E67 /* SelectionView.swift in Sources */ = {isa = PBXBuildFile; fileRef = 81010D422420109F00B26E67 /* SelectionView.swift */; };
		8137050E2427FC51006E5CB7 /* UILabelExtension.swift in Sources */ = {isa = PBXBuildFile; fileRef = 8137050D2427FC51006E5CB7 /* UILabelExtension.swift */; };
		8137051124281D08006E5CB7 /* SignUpAPI.swift in Sources */ = {isa = PBXBuildFile; fileRef = 8137051024281D08006E5CB7 /* SignUpAPI.swift */; };
		8137051324281D13006E5CB7 /* SignUpProvider.swift in Sources */ = {isa = PBXBuildFile; fileRef = 8137051224281D13006E5CB7 /* SignUpProvider.swift */; };
		813B04D52422AA8C00573AA1 /* SchoolsInteractor.swift in Sources */ = {isa = PBXBuildFile; fileRef = 813B04D42422AA8C00573AA1 /* SchoolsInteractor.swift */; };
		813B04D72422AAAB00573AA1 /* SchoolsPresenter.swift in Sources */ = {isa = PBXBuildFile; fileRef = 813B04D62422AAAB00573AA1 /* SchoolsPresenter.swift */; };
		813B04D92422AABB00573AA1 /* SchoolsConfigurator.swift in Sources */ = {isa = PBXBuildFile; fileRef = 813B04D82422AABB00573AA1 /* SchoolsConfigurator.swift */; };
		813B04DB2422AACD00573AA1 /* SchoolsViewController.swift in Sources */ = {isa = PBXBuildFile; fileRef = 813B04DA2422AACD00573AA1 /* SchoolsViewController.swift */; };
		813B04DE2422AAE700573AA1 /* SchoolsView.swift in Sources */ = {isa = PBXBuildFile; fileRef = 813B04DD2422AAE700573AA1 /* SchoolsView.swift */; };
		813B62C7241D31B6009CA610 /* QuestionnaireViewController.swift in Sources */ = {isa = PBXBuildFile; fileRef = 813B62BE241D31B6009CA610 /* QuestionnaireViewController.swift */; };
		813B62CA241D31B6009CA610 /* QuestionnaireView.swift in Sources */ = {isa = PBXBuildFile; fileRef = 813B62C3241D31B6009CA610 /* QuestionnaireView.swift */; };
		813B62CB241D31B6009CA610 /* QuestionnaireConfigurator.swift in Sources */ = {isa = PBXBuildFile; fileRef = 813B62C4241D31B6009CA610 /* QuestionnaireConfigurator.swift */; };
		813B62CC241D31B6009CA610 /* QuestionnaireInteractor.swift in Sources */ = {isa = PBXBuildFile; fileRef = 813B62C5241D31B6009CA610 /* QuestionnaireInteractor.swift */; };
		813B62CD241D31B6009CA610 /* QuestionnairePresenter.swift in Sources */ = {isa = PBXBuildFile; fileRef = 813B62C6241D31B6009CA610 /* QuestionnairePresenter.swift */; };
		814BF44924328E9000751EDD /* ExamsPresenter.swift in Sources */ = {isa = PBXBuildFile; fileRef = 814BF44824328E9000751EDD /* ExamsPresenter.swift */; };
		814BF44B24328E9C00751EDD /* ExamsInteractor.swift in Sources */ = {isa = PBXBuildFile; fileRef = 814BF44A24328E9C00751EDD /* ExamsInteractor.swift */; };
		814BF44D24328EAA00751EDD /* ExamsConfigurator.swift in Sources */ = {isa = PBXBuildFile; fileRef = 814BF44C24328EAA00751EDD /* ExamsConfigurator.swift */; };
		814BF44F24328EBC00751EDD /* ExamsViewController.swift in Sources */ = {isa = PBXBuildFile; fileRef = 814BF44E24328EBC00751EDD /* ExamsViewController.swift */; };
		814BF45224328ED300751EDD /* ExamsView.swift in Sources */ = {isa = PBXBuildFile; fileRef = 814BF45124328ED300751EDD /* ExamsView.swift */; };
		814BF45524328EFC00751EDD /* ExamsProvider.swift in Sources */ = {isa = PBXBuildFile; fileRef = 814BF45424328EFC00751EDD /* ExamsProvider.swift */; };
		814BF45724328F0500751EDD /* ExamsAPI.swift in Sources */ = {isa = PBXBuildFile; fileRef = 814BF45624328F0500751EDD /* ExamsAPI.swift */; };
		815E6F202415253400975DE9 /* AuthorizationConfigurator.swift in Sources */ = {isa = PBXBuildFile; fileRef = 815E6F1F2415253400975DE9 /* AuthorizationConfigurator.swift */; };
		815E6F232417919700975DE9 /* AuthorizationAPI.swift in Sources */ = {isa = PBXBuildFile; fileRef = 815E6F222417919700975DE9 /* AuthorizationAPI.swift */; };
		815E6F252417936100975DE9 /* AuthorizationProvider.swift in Sources */ = {isa = PBXBuildFile; fileRef = 815E6F242417936100975DE9 /* AuthorizationProvider.swift */; };
		81715334244317E300161669 /* User.swift in Sources */ = {isa = PBXBuildFile; fileRef = 81715333244317E300161669 /* User.swift */; };
		8171533624431A9B00161669 /* ExamsDataFlow.swift in Sources */ = {isa = PBXBuildFile; fileRef = 8171533524431A9B00161669 /* ExamsDataFlow.swift */; };
		817153382443218E00161669 /* UIViewControllerExtension.swift in Sources */ = {isa = PBXBuildFile; fileRef = 817153372443218E00161669 /* UIViewControllerExtension.swift */; };
		8171533A2443265000161669 /* ExamsTableViewCell.swift in Sources */ = {isa = PBXBuildFile; fileRef = 817153392443265000161669 /* ExamsTableViewCell.swift */; };
		8171533C2445AE8E00161669 /* ExamsCollectionViewCell.swift in Sources */ = {isa = PBXBuildFile; fileRef = 8171533B2445AE8E00161669 /* ExamsCollectionViewCell.swift */; };
		81781CCD2412742F00B29F93 /* SignUpConfigurator.swift in Sources */ = {isa = PBXBuildFile; fileRef = 81781CCC2412742F00B29F93 /* SignUpConfigurator.swift */; };
		818ED4102402982A00F4CFB4 /* AppDelegate.swift in Sources */ = {isa = PBXBuildFile; fileRef = 818ED40F2402982A00F4CFB4 /* AppDelegate.swift */; };
		818ED4192402982A00F4CFB4 /* Assets.xcassets in Resources */ = {isa = PBXBuildFile; fileRef = 818ED4182402982A00F4CFB4 /* Assets.xcassets */; };
		818ED41C2402982A00F4CFB4 /* LaunchScreen.storyboard in Resources */ = {isa = PBXBuildFile; fileRef = 818ED41A2402982A00F4CFB4 /* LaunchScreen.storyboard */; };
		818ED4252402A18900F4CFB4 /* AuthorizationViewController.swift in Sources */ = {isa = PBXBuildFile; fileRef = 818ED4242402A18900F4CFB4 /* AuthorizationViewController.swift */; };
		818ED4282402A1BA00F4CFB4 /* AuthorizationView.swift in Sources */ = {isa = PBXBuildFile; fileRef = 818ED4272402A1BA00F4CFB4 /* AuthorizationView.swift */; };
		818ED42A2402A62500F4CFB4 /* AuthorizationPresenter.swift in Sources */ = {isa = PBXBuildFile; fileRef = 818ED4292402A62500F4CFB4 /* AuthorizationPresenter.swift */; };
		818ED42C2402A62E00F4CFB4 /* AuthorizationInteractor.swift in Sources */ = {isa = PBXBuildFile; fileRef = 818ED42B2402A62E00F4CFB4 /* AuthorizationInteractor.swift */; };
		81964ADA2480A64700809665 /* ApplicationFillingHelpViewController.swift in Sources */ = {isa = PBXBuildFile; fileRef = 81964AD92480A64700809665 /* ApplicationFillingHelpViewController.swift */; };
		81964ADC2480A68000809665 /* ApplicationFillingHelpView.swift in Sources */ = {isa = PBXBuildFile; fileRef = 81964ADB2480A68000809665 /* ApplicationFillingHelpView.swift */; };
		81964ADE2480B80B00809665 /* IndividualAchievementsHelpViewController.swift in Sources */ = {isa = PBXBuildFile; fileRef = 81964ADD2480B80B00809665 /* IndividualAchievementsHelpViewController.swift */; };
		81964AE02480B81B00809665 /* IndividualAchievementsHelpView.swift in Sources */ = {isa = PBXBuildFile; fileRef = 81964ADF2480B81B00809665 /* IndividualAchievementsHelpView.swift */; };
		81964AE22480BE5500809665 /* SelectedIndividualAchievementView.swift in Sources */ = {isa = PBXBuildFile; fileRef = 81964AE12480BE5500809665 /* SelectedIndividualAchievementView.swift */; };
		81B1D1242402D657005B80D0 /* TextFieldView.swift in Sources */ = {isa = PBXBuildFile; fileRef = 81B1D1232402D657005B80D0 /* TextFieldView.swift */; };
		81B1D1272402E5E7005B80D0 /* SignUpInteractor.swift in Sources */ = {isa = PBXBuildFile; fileRef = 81B1D1262402E5E7005B80D0 /* SignUpInteractor.swift */; };
		81B1D1292402E5F6005B80D0 /* SignUpViewController.swift in Sources */ = {isa = PBXBuildFile; fileRef = 81B1D1282402E5F6005B80D0 /* SignUpViewController.swift */; };
		81B1D12B2402E608005B80D0 /* SignUpPresenter.swift in Sources */ = {isa = PBXBuildFile; fileRef = 81B1D12A2402E608005B80D0 /* SignUpPresenter.swift */; };
		81B1D1302402E62B005B80D0 /* SignUpView.swift in Sources */ = {isa = PBXBuildFile; fileRef = 81B1D12F2402E62B005B80D0 /* SignUpView.swift */; };
		81B20B1A2446017A00582E8E /* NotesDataStore.swift in Sources */ = {isa = PBXBuildFile; fileRef = 81B20B192446017A00582E8E /* NotesDataStore.swift */; };
		81D03234241D32B8004E585D /* QuestionnaireProvider.swift in Sources */ = {isa = PBXBuildFile; fileRef = 81D03232241D32B7004E585D /* QuestionnaireProvider.swift */; };
		81D03235241D32B8004E585D /* QuestionnaireAPI.swift in Sources */ = {isa = PBXBuildFile; fileRef = 81D03233241D32B8004E585D /* QuestionnaireAPI.swift */; };
		81DD4BE3244F469400A43CE7 /* SelectExamViewController.swift in Sources */ = {isa = PBXBuildFile; fileRef = 81DD4BE2244F469400A43CE7 /* SelectExamViewController.swift */; };
		81DD4BE5244F46AA00A43CE7 /* SelectExamPresenter.swift in Sources */ = {isa = PBXBuildFile; fileRef = 81DD4BE4244F46AA00A43CE7 /* SelectExamPresenter.swift */; };
		81DD4BE7244F46B400A43CE7 /* SelectExamInteractor.swift in Sources */ = {isa = PBXBuildFile; fileRef = 81DD4BE6244F46B400A43CE7 /* SelectExamInteractor.swift */; };
		81DD4BE9244F46C300A43CE7 /* SelectExamConfigurator.swift in Sources */ = {isa = PBXBuildFile; fileRef = 81DD4BE8244F46C300A43CE7 /* SelectExamConfigurator.swift */; };
		81DD4BEC244F46DC00A43CE7 /* SelectExamView.swift in Sources */ = {isa = PBXBuildFile; fileRef = 81DD4BEB244F46DC00A43CE7 /* SelectExamView.swift */; };
		81DD4BEF244F942A00A43CE7 /* SelectExamProvider.swift in Sources */ = {isa = PBXBuildFile; fileRef = 81DD4BEE244F942A00A43CE7 /* SelectExamProvider.swift */; };
		81DD4BF1244F943600A43CE7 /* SelectExamAPI.swift in Sources */ = {isa = PBXBuildFile; fileRef = 81DD4BF0244F943600A43CE7 /* SelectExamAPI.swift */; };
		81DD4BF3244FFF9F00A43CE7 /* FloatingPanelBuilder.swift in Sources */ = {isa = PBXBuildFile; fileRef = 81DD4BF2244FFF9F00A43CE7 /* FloatingPanelBuilder.swift */; };
		81DD4BF62450015700A43CE7 /* ParametrPickerConfigurator.swift in Sources */ = {isa = PBXBuildFile; fileRef = 81DD4BF52450015700A43CE7 /* ParametrPickerConfigurator.swift */; };
		81DD4BF82450016400A43CE7 /* ParametrPickerInteractor.swift in Sources */ = {isa = PBXBuildFile; fileRef = 81DD4BF72450016400A43CE7 /* ParametrPickerInteractor.swift */; };
		81DD4BFA2450016E00A43CE7 /* ParametrPickerPresenter.swift in Sources */ = {isa = PBXBuildFile; fileRef = 81DD4BF92450016E00A43CE7 /* ParametrPickerPresenter.swift */; };
		81DD4BFC2450017900A43CE7 /* ParametrPickerViewController.swift in Sources */ = {isa = PBXBuildFile; fileRef = 81DD4BFB2450017900A43CE7 /* ParametrPickerViewController.swift */; };
		81DD4BFF2450018400A43CE7 /* ParametrPickerView.swift in Sources */ = {isa = PBXBuildFile; fileRef = 81DD4BFE2450018400A43CE7 /* ParametrPickerView.swift */; };
		81DD4C022450019900A43CE7 /* ParametrPickerProvider.swift in Sources */ = {isa = PBXBuildFile; fileRef = 81DD4C012450019900A43CE7 /* ParametrPickerProvider.swift */; };
		81DD4C04245001A100A43CE7 /* ParametrPickerAPI.swift in Sources */ = {isa = PBXBuildFile; fileRef = 81DD4C03245001A100A43CE7 /* ParametrPickerAPI.swift */; };
		81DD4C0624500AFB00A43CE7 /* SelectExamDataFlow.swift in Sources */ = {isa = PBXBuildFile; fileRef = 81DD4C0524500AFB00A43CE7 /* SelectExamDataFlow.swift */; };
		81F1893C245E9E0A00F216DB /* ApplicationFillingConfigurator.swift in Sources */ = {isa = PBXBuildFile; fileRef = 81F1893B245E9E0A00F216DB /* ApplicationFillingConfigurator.swift */; };
		81F1893E245E9E1500F216DB /* ApplicationFillingInteractor.swift in Sources */ = {isa = PBXBuildFile; fileRef = 81F1893D245E9E1500F216DB /* ApplicationFillingInteractor.swift */; };
		81F18940245E9E1F00F216DB /* ApplicationFillingPresenter.swift in Sources */ = {isa = PBXBuildFile; fileRef = 81F1893F245E9E1F00F216DB /* ApplicationFillingPresenter.swift */; };
		81F18942245E9E2F00F216DB /* ApplicationFillingViewController.swift in Sources */ = {isa = PBXBuildFile; fileRef = 81F18941245E9E2F00F216DB /* ApplicationFillingViewController.swift */; };
		81F18945245E9E4300F216DB /* ApplicationFillingView.swift in Sources */ = {isa = PBXBuildFile; fileRef = 81F18944245E9E4300F216DB /* ApplicationFillingView.swift */; };
		81F18947245E9E4F00F216DB /* ApplicationFillingTableViewCell.swift in Sources */ = {isa = PBXBuildFile; fileRef = 81F18946245E9E4F00F216DB /* ApplicationFillingTableViewCell.swift */; };
		81F18950245E9EB500F216DB /* ApplicationFillingAPI.swift in Sources */ = {isa = PBXBuildFile; fileRef = 81F1894D245E9EB400F216DB /* ApplicationFillingAPI.swift */; };
		81F18951245E9EB500F216DB /* ApplicationFillingProvider.swift in Sources */ = {isa = PBXBuildFile; fileRef = 81F1894E245E9EB400F216DB /* ApplicationFillingProvider.swift */; };
		81FA694A2455AA7300412D4E /* IndividualAchievementsConfigurator.swift in Sources */ = {isa = PBXBuildFile; fileRef = 81FA69492455AA7300412D4E /* IndividualAchievementsConfigurator.swift */; };
		81FA694C2455AA8200412D4E /* IndividualAchievementsInteractor.swift in Sources */ = {isa = PBXBuildFile; fileRef = 81FA694B2455AA8200412D4E /* IndividualAchievementsInteractor.swift */; };
		81FA694E2455AA8C00412D4E /* IndividualAchievementsPresenter.swift in Sources */ = {isa = PBXBuildFile; fileRef = 81FA694D2455AA8C00412D4E /* IndividualAchievementsPresenter.swift */; };
		81FA69502455AA9500412D4E /* IndividualAchievementsViewController.swift in Sources */ = {isa = PBXBuildFile; fileRef = 81FA694F2455AA9500412D4E /* IndividualAchievementsViewController.swift */; };
		81FA69532455AAA400412D4E /* IndividualAchievementsView.swift in Sources */ = {isa = PBXBuildFile; fileRef = 81FA69522455AAA400412D4E /* IndividualAchievementsView.swift */; };
		81FA69562455AAB500412D4E /* IndividualAchievementsProvider.swift in Sources */ = {isa = PBXBuildFile; fileRef = 81FA69552455AAB500412D4E /* IndividualAchievementsProvider.swift */; };
		81FA69582455AABD00412D4E /* IndividualAchievementsAPI.swift in Sources */ = {isa = PBXBuildFile; fileRef = 81FA69572455AABD00412D4E /* IndividualAchievementsAPI.swift */; };
		81FA695A2455B54900412D4E /* IndividualAchievementsTableViewCell.swift in Sources */ = {isa = PBXBuildFile; fileRef = 81FA69592455B54900412D4E /* IndividualAchievementsTableViewCell.swift */; };
		81FA695C2455B77A00412D4E /* IndividualAchievementsDataStore.swift in Sources */ = {isa = PBXBuildFile; fileRef = 81FA695B2455B77A00412D4E /* IndividualAchievementsDataStore.swift */; };
		81FAB4C72430F08200309FA4 /* AdditionalInformationViewController.swift in Sources */ = {isa = PBXBuildFile; fileRef = 81FAB4C62430F08200309FA4 /* AdditionalInformationViewController.swift */; };
		81FAB4C92430F09000309FA4 /* AdditionalInformationPresenter.swift in Sources */ = {isa = PBXBuildFile; fileRef = 81FAB4C82430F09000309FA4 /* AdditionalInformationPresenter.swift */; };
		81FAB4CB2430F09B00309FA4 /* AdditionalInformationInteractor.swift in Sources */ = {isa = PBXBuildFile; fileRef = 81FAB4CA2430F09B00309FA4 /* AdditionalInformationInteractor.swift */; };
		81FAB4CD2430F0B200309FA4 /* AdditionalInformationConfigurator.swift in Sources */ = {isa = PBXBuildFile; fileRef = 81FAB4CC2430F0B200309FA4 /* AdditionalInformationConfigurator.swift */; };
		81FAB4D02430F0D400309FA4 /* AdditionalInformationAPI.swift in Sources */ = {isa = PBXBuildFile; fileRef = 81FAB4CF2430F0D400309FA4 /* AdditionalInformationAPI.swift */; };
		81FAB4D22430F0DB00309FA4 /* AdditionalInformationProvider.swift in Sources */ = {isa = PBXBuildFile; fileRef = 81FAB4D12430F0DB00309FA4 /* AdditionalInformationProvider.swift */; };
		81FAB4D52430F44300309FA4 /* AdditionalInformationView.swift in Sources */ = {isa = PBXBuildFile; fileRef = 81FAB4D42430F44300309FA4 /* AdditionalInformationView.swift */; };
		81FAB4D72431206400309FA4 /* AbiturientTextView.swift in Sources */ = {isa = PBXBuildFile; fileRef = 81FAB4D62431206400309FA4 /* AbiturientTextView.swift */; };
		ED85023D168AEA9D5D32287B /* Pods_Abiturient.framework in Frameworks */ = {isa = PBXBuildFile; fileRef = DD248CC1348D8C4218587538 /* Pods_Abiturient.framework */; };
/* End PBXBuildFile section */

/* Begin PBXFileReference section */
		81010D402420087F00B26E67 /* UIColorExtension.swift */ = {isa = PBXFileReference; lastKnownFileType = sourcecode.swift; path = UIColorExtension.swift; sourceTree = "<group>"; };
		81010D422420109F00B26E67 /* SelectionView.swift */ = {isa = PBXFileReference; lastKnownFileType = sourcecode.swift; path = SelectionView.swift; sourceTree = "<group>"; };
		8137050D2427FC51006E5CB7 /* UILabelExtension.swift */ = {isa = PBXFileReference; lastKnownFileType = sourcecode.swift; path = UILabelExtension.swift; sourceTree = "<group>"; };
		8137051024281D08006E5CB7 /* SignUpAPI.swift */ = {isa = PBXFileReference; lastKnownFileType = sourcecode.swift; path = SignUpAPI.swift; sourceTree = "<group>"; };
		8137051224281D13006E5CB7 /* SignUpProvider.swift */ = {isa = PBXFileReference; lastKnownFileType = sourcecode.swift; path = SignUpProvider.swift; sourceTree = "<group>"; };
		813B04D42422AA8C00573AA1 /* SchoolsInteractor.swift */ = {isa = PBXFileReference; lastKnownFileType = sourcecode.swift; path = SchoolsInteractor.swift; sourceTree = "<group>"; };
		813B04D62422AAAB00573AA1 /* SchoolsPresenter.swift */ = {isa = PBXFileReference; lastKnownFileType = sourcecode.swift; path = SchoolsPresenter.swift; sourceTree = "<group>"; };
		813B04D82422AABB00573AA1 /* SchoolsConfigurator.swift */ = {isa = PBXFileReference; lastKnownFileType = sourcecode.swift; path = SchoolsConfigurator.swift; sourceTree = "<group>"; };
		813B04DA2422AACD00573AA1 /* SchoolsViewController.swift */ = {isa = PBXFileReference; lastKnownFileType = sourcecode.swift; path = SchoolsViewController.swift; sourceTree = "<group>"; };
		813B04DD2422AAE700573AA1 /* SchoolsView.swift */ = {isa = PBXFileReference; lastKnownFileType = sourcecode.swift; path = SchoolsView.swift; sourceTree = "<group>"; };
		813B62BE241D31B6009CA610 /* QuestionnaireViewController.swift */ = {isa = PBXFileReference; fileEncoding = 4; lastKnownFileType = sourcecode.swift; path = QuestionnaireViewController.swift; sourceTree = "<group>"; };
		813B62C3241D31B6009CA610 /* QuestionnaireView.swift */ = {isa = PBXFileReference; fileEncoding = 4; lastKnownFileType = sourcecode.swift; path = QuestionnaireView.swift; sourceTree = "<group>"; };
		813B62C4241D31B6009CA610 /* QuestionnaireConfigurator.swift */ = {isa = PBXFileReference; fileEncoding = 4; lastKnownFileType = sourcecode.swift; path = QuestionnaireConfigurator.swift; sourceTree = "<group>"; };
		813B62C5241D31B6009CA610 /* QuestionnaireInteractor.swift */ = {isa = PBXFileReference; fileEncoding = 4; lastKnownFileType = sourcecode.swift; path = QuestionnaireInteractor.swift; sourceTree = "<group>"; };
		813B62C6241D31B6009CA610 /* QuestionnairePresenter.swift */ = {isa = PBXFileReference; fileEncoding = 4; lastKnownFileType = sourcecode.swift; path = QuestionnairePresenter.swift; sourceTree = "<group>"; };
		814BF44824328E9000751EDD /* ExamsPresenter.swift */ = {isa = PBXFileReference; lastKnownFileType = sourcecode.swift; path = ExamsPresenter.swift; sourceTree = "<group>"; };
		814BF44A24328E9C00751EDD /* ExamsInteractor.swift */ = {isa = PBXFileReference; lastKnownFileType = sourcecode.swift; path = ExamsInteractor.swift; sourceTree = "<group>"; };
		814BF44C24328EAA00751EDD /* ExamsConfigurator.swift */ = {isa = PBXFileReference; lastKnownFileType = sourcecode.swift; path = ExamsConfigurator.swift; sourceTree = "<group>"; };
		814BF44E24328EBC00751EDD /* ExamsViewController.swift */ = {isa = PBXFileReference; lastKnownFileType = sourcecode.swift; path = ExamsViewController.swift; sourceTree = "<group>"; };
		814BF45124328ED300751EDD /* ExamsView.swift */ = {isa = PBXFileReference; lastKnownFileType = sourcecode.swift; path = ExamsView.swift; sourceTree = "<group>"; };
		814BF45424328EFC00751EDD /* ExamsProvider.swift */ = {isa = PBXFileReference; lastKnownFileType = sourcecode.swift; path = ExamsProvider.swift; sourceTree = "<group>"; };
		814BF45624328F0500751EDD /* ExamsAPI.swift */ = {isa = PBXFileReference; lastKnownFileType = sourcecode.swift; path = ExamsAPI.swift; sourceTree = "<group>"; };
		815E6F1F2415253400975DE9 /* AuthorizationConfigurator.swift */ = {isa = PBXFileReference; lastKnownFileType = sourcecode.swift; path = AuthorizationConfigurator.swift; sourceTree = "<group>"; };
		815E6F222417919700975DE9 /* AuthorizationAPI.swift */ = {isa = PBXFileReference; lastKnownFileType = sourcecode.swift; path = AuthorizationAPI.swift; sourceTree = "<group>"; };
		815E6F242417936100975DE9 /* AuthorizationProvider.swift */ = {isa = PBXFileReference; lastKnownFileType = sourcecode.swift; path = AuthorizationProvider.swift; sourceTree = "<group>"; };
		81715333244317E300161669 /* User.swift */ = {isa = PBXFileReference; lastKnownFileType = sourcecode.swift; path = User.swift; sourceTree = "<group>"; };
		8171533524431A9B00161669 /* ExamsDataFlow.swift */ = {isa = PBXFileReference; lastKnownFileType = sourcecode.swift; path = ExamsDataFlow.swift; sourceTree = "<group>"; };
		817153372443218E00161669 /* UIViewControllerExtension.swift */ = {isa = PBXFileReference; lastKnownFileType = sourcecode.swift; path = UIViewControllerExtension.swift; sourceTree = "<group>"; };
		817153392443265000161669 /* ExamsTableViewCell.swift */ = {isa = PBXFileReference; lastKnownFileType = sourcecode.swift; path = ExamsTableViewCell.swift; sourceTree = "<group>"; };
		8171533B2445AE8E00161669 /* ExamsCollectionViewCell.swift */ = {isa = PBXFileReference; lastKnownFileType = sourcecode.swift; path = ExamsCollectionViewCell.swift; sourceTree = "<group>"; };
		81781CCC2412742F00B29F93 /* SignUpConfigurator.swift */ = {isa = PBXFileReference; lastKnownFileType = sourcecode.swift; path = SignUpConfigurator.swift; sourceTree = "<group>"; };
		818ED40C2402982900F4CFB4 /* Student.app */ = {isa = PBXFileReference; explicitFileType = wrapper.application; includeInIndex = 0; path = Student.app; sourceTree = BUILT_PRODUCTS_DIR; };
		818ED40F2402982A00F4CFB4 /* AppDelegate.swift */ = {isa = PBXFileReference; lastKnownFileType = sourcecode.swift; path = AppDelegate.swift; sourceTree = "<group>"; };
		818ED4182402982A00F4CFB4 /* Assets.xcassets */ = {isa = PBXFileReference; lastKnownFileType = folder.assetcatalog; path = Assets.xcassets; sourceTree = "<group>"; };
		818ED41B2402982A00F4CFB4 /* Base */ = {isa = PBXFileReference; lastKnownFileType = file.storyboard; name = Base; path = Base.lproj/LaunchScreen.storyboard; sourceTree = "<group>"; };
		818ED41D2402982A00F4CFB4 /* Info.plist */ = {isa = PBXFileReference; lastKnownFileType = text.plist.xml; path = Info.plist; sourceTree = "<group>"; };
		818ED4242402A18900F4CFB4 /* AuthorizationViewController.swift */ = {isa = PBXFileReference; lastKnownFileType = sourcecode.swift; path = AuthorizationViewController.swift; sourceTree = "<group>"; };
		818ED4272402A1BA00F4CFB4 /* AuthorizationView.swift */ = {isa = PBXFileReference; lastKnownFileType = sourcecode.swift; path = AuthorizationView.swift; sourceTree = "<group>"; };
		818ED4292402A62500F4CFB4 /* AuthorizationPresenter.swift */ = {isa = PBXFileReference; lastKnownFileType = sourcecode.swift; path = AuthorizationPresenter.swift; sourceTree = "<group>"; };
		818ED42B2402A62E00F4CFB4 /* AuthorizationInteractor.swift */ = {isa = PBXFileReference; lastKnownFileType = sourcecode.swift; path = AuthorizationInteractor.swift; sourceTree = "<group>"; };
		81964AD92480A64700809665 /* ApplicationFillingHelpViewController.swift */ = {isa = PBXFileReference; lastKnownFileType = sourcecode.swift; path = ApplicationFillingHelpViewController.swift; sourceTree = "<group>"; };
		81964ADB2480A68000809665 /* ApplicationFillingHelpView.swift */ = {isa = PBXFileReference; lastKnownFileType = sourcecode.swift; path = ApplicationFillingHelpView.swift; sourceTree = "<group>"; };
		81964ADD2480B80B00809665 /* IndividualAchievementsHelpViewController.swift */ = {isa = PBXFileReference; lastKnownFileType = sourcecode.swift; path = IndividualAchievementsHelpViewController.swift; sourceTree = "<group>"; };
		81964ADF2480B81B00809665 /* IndividualAchievementsHelpView.swift */ = {isa = PBXFileReference; lastKnownFileType = sourcecode.swift; path = IndividualAchievementsHelpView.swift; sourceTree = "<group>"; };
		81964AE12480BE5500809665 /* SelectedIndividualAchievementView.swift */ = {isa = PBXFileReference; lastKnownFileType = sourcecode.swift; path = SelectedIndividualAchievementView.swift; sourceTree = "<group>"; };
		81B1D1232402D657005B80D0 /* TextFieldView.swift */ = {isa = PBXFileReference; lastKnownFileType = sourcecode.swift; path = TextFieldView.swift; sourceTree = "<group>"; };
		81B1D1262402E5E7005B80D0 /* SignUpInteractor.swift */ = {isa = PBXFileReference; lastKnownFileType = sourcecode.swift; path = SignUpInteractor.swift; sourceTree = "<group>"; };
		81B1D1282402E5F6005B80D0 /* SignUpViewController.swift */ = {isa = PBXFileReference; lastKnownFileType = sourcecode.swift; path = SignUpViewController.swift; sourceTree = "<group>"; };
		81B1D12A2402E608005B80D0 /* SignUpPresenter.swift */ = {isa = PBXFileReference; lastKnownFileType = sourcecode.swift; path = SignUpPresenter.swift; sourceTree = "<group>"; };
		81B1D12F2402E62B005B80D0 /* SignUpView.swift */ = {isa = PBXFileReference; lastKnownFileType = sourcecode.swift; path = SignUpView.swift; sourceTree = "<group>"; };
		81B20B192446017A00582E8E /* NotesDataStore.swift */ = {isa = PBXFileReference; lastKnownFileType = sourcecode.swift; path = NotesDataStore.swift; sourceTree = "<group>"; };
		81D03232241D32B7004E585D /* QuestionnaireProvider.swift */ = {isa = PBXFileReference; fileEncoding = 4; lastKnownFileType = sourcecode.swift; path = QuestionnaireProvider.swift; sourceTree = "<group>"; };
		81D03233241D32B8004E585D /* QuestionnaireAPI.swift */ = {isa = PBXFileReference; fileEncoding = 4; lastKnownFileType = sourcecode.swift; path = QuestionnaireAPI.swift; sourceTree = "<group>"; };
		81DD4BE2244F469400A43CE7 /* SelectExamViewController.swift */ = {isa = PBXFileReference; lastKnownFileType = sourcecode.swift; path = SelectExamViewController.swift; sourceTree = "<group>"; };
		81DD4BE4244F46AA00A43CE7 /* SelectExamPresenter.swift */ = {isa = PBXFileReference; lastKnownFileType = sourcecode.swift; path = SelectExamPresenter.swift; sourceTree = "<group>"; };
		81DD4BE6244F46B400A43CE7 /* SelectExamInteractor.swift */ = {isa = PBXFileReference; lastKnownFileType = sourcecode.swift; path = SelectExamInteractor.swift; sourceTree = "<group>"; };
		81DD4BE8244F46C300A43CE7 /* SelectExamConfigurator.swift */ = {isa = PBXFileReference; lastKnownFileType = sourcecode.swift; path = SelectExamConfigurator.swift; sourceTree = "<group>"; };
		81DD4BEB244F46DC00A43CE7 /* SelectExamView.swift */ = {isa = PBXFileReference; lastKnownFileType = sourcecode.swift; path = SelectExamView.swift; sourceTree = "<group>"; };
		81DD4BEE244F942A00A43CE7 /* SelectExamProvider.swift */ = {isa = PBXFileReference; lastKnownFileType = sourcecode.swift; path = SelectExamProvider.swift; sourceTree = "<group>"; };
		81DD4BF0244F943600A43CE7 /* SelectExamAPI.swift */ = {isa = PBXFileReference; lastKnownFileType = sourcecode.swift; path = SelectExamAPI.swift; sourceTree = "<group>"; };
		81DD4BF2244FFF9F00A43CE7 /* FloatingPanelBuilder.swift */ = {isa = PBXFileReference; lastKnownFileType = sourcecode.swift; path = FloatingPanelBuilder.swift; sourceTree = "<group>"; };
		81DD4BF52450015700A43CE7 /* ParametrPickerConfigurator.swift */ = {isa = PBXFileReference; lastKnownFileType = sourcecode.swift; path = ParametrPickerConfigurator.swift; sourceTree = "<group>"; };
		81DD4BF72450016400A43CE7 /* ParametrPickerInteractor.swift */ = {isa = PBXFileReference; lastKnownFileType = sourcecode.swift; path = ParametrPickerInteractor.swift; sourceTree = "<group>"; };
		81DD4BF92450016E00A43CE7 /* ParametrPickerPresenter.swift */ = {isa = PBXFileReference; lastKnownFileType = sourcecode.swift; path = ParametrPickerPresenter.swift; sourceTree = "<group>"; };
		81DD4BFB2450017900A43CE7 /* ParametrPickerViewController.swift */ = {isa = PBXFileReference; lastKnownFileType = sourcecode.swift; path = ParametrPickerViewController.swift; sourceTree = "<group>"; };
		81DD4BFE2450018400A43CE7 /* ParametrPickerView.swift */ = {isa = PBXFileReference; lastKnownFileType = sourcecode.swift; path = ParametrPickerView.swift; sourceTree = "<group>"; };
		81DD4C012450019900A43CE7 /* ParametrPickerProvider.swift */ = {isa = PBXFileReference; lastKnownFileType = sourcecode.swift; path = ParametrPickerProvider.swift; sourceTree = "<group>"; };
		81DD4C03245001A100A43CE7 /* ParametrPickerAPI.swift */ = {isa = PBXFileReference; lastKnownFileType = sourcecode.swift; path = ParametrPickerAPI.swift; sourceTree = "<group>"; };
		81DD4C0524500AFB00A43CE7 /* SelectExamDataFlow.swift */ = {isa = PBXFileReference; lastKnownFileType = sourcecode.swift; path = SelectExamDataFlow.swift; sourceTree = "<group>"; };
		81F1893B245E9E0A00F216DB /* ApplicationFillingConfigurator.swift */ = {isa = PBXFileReference; lastKnownFileType = sourcecode.swift; path = ApplicationFillingConfigurator.swift; sourceTree = "<group>"; };
		81F1893D245E9E1500F216DB /* ApplicationFillingInteractor.swift */ = {isa = PBXFileReference; lastKnownFileType = sourcecode.swift; path = ApplicationFillingInteractor.swift; sourceTree = "<group>"; };
		81F1893F245E9E1F00F216DB /* ApplicationFillingPresenter.swift */ = {isa = PBXFileReference; lastKnownFileType = sourcecode.swift; path = ApplicationFillingPresenter.swift; sourceTree = "<group>"; };
		81F18941245E9E2F00F216DB /* ApplicationFillingViewController.swift */ = {isa = PBXFileReference; lastKnownFileType = sourcecode.swift; path = ApplicationFillingViewController.swift; sourceTree = "<group>"; };
		81F18944245E9E4300F216DB /* ApplicationFillingView.swift */ = {isa = PBXFileReference; lastKnownFileType = sourcecode.swift; path = ApplicationFillingView.swift; sourceTree = "<group>"; };
		81F18946245E9E4F00F216DB /* ApplicationFillingTableViewCell.swift */ = {isa = PBXFileReference; lastKnownFileType = sourcecode.swift; path = ApplicationFillingTableViewCell.swift; sourceTree = "<group>"; };
		81F1894D245E9EB400F216DB /* ApplicationFillingAPI.swift */ = {isa = PBXFileReference; fileEncoding = 4; lastKnownFileType = sourcecode.swift; path = ApplicationFillingAPI.swift; sourceTree = "<group>"; };
		81F1894E245E9EB400F216DB /* ApplicationFillingProvider.swift */ = {isa = PBXFileReference; fileEncoding = 4; lastKnownFileType = sourcecode.swift; path = ApplicationFillingProvider.swift; sourceTree = "<group>"; };
		81FA69492455AA7300412D4E /* IndividualAchievementsConfigurator.swift */ = {isa = PBXFileReference; lastKnownFileType = sourcecode.swift; path = IndividualAchievementsConfigurator.swift; sourceTree = "<group>"; };
		81FA694B2455AA8200412D4E /* IndividualAchievementsInteractor.swift */ = {isa = PBXFileReference; lastKnownFileType = sourcecode.swift; path = IndividualAchievementsInteractor.swift; sourceTree = "<group>"; };
		81FA694D2455AA8C00412D4E /* IndividualAchievementsPresenter.swift */ = {isa = PBXFileReference; lastKnownFileType = sourcecode.swift; path = IndividualAchievementsPresenter.swift; sourceTree = "<group>"; };
		81FA694F2455AA9500412D4E /* IndividualAchievementsViewController.swift */ = {isa = PBXFileReference; lastKnownFileType = sourcecode.swift; path = IndividualAchievementsViewController.swift; sourceTree = "<group>"; };
		81FA69522455AAA400412D4E /* IndividualAchievementsView.swift */ = {isa = PBXFileReference; lastKnownFileType = sourcecode.swift; path = IndividualAchievementsView.swift; sourceTree = "<group>"; };
		81FA69552455AAB500412D4E /* IndividualAchievementsProvider.swift */ = {isa = PBXFileReference; lastKnownFileType = sourcecode.swift; path = IndividualAchievementsProvider.swift; sourceTree = "<group>"; };
		81FA69572455AABD00412D4E /* IndividualAchievementsAPI.swift */ = {isa = PBXFileReference; lastKnownFileType = sourcecode.swift; path = IndividualAchievementsAPI.swift; sourceTree = "<group>"; };
		81FA69592455B54900412D4E /* IndividualAchievementsTableViewCell.swift */ = {isa = PBXFileReference; lastKnownFileType = sourcecode.swift; path = IndividualAchievementsTableViewCell.swift; sourceTree = "<group>"; };
		81FA695B2455B77A00412D4E /* IndividualAchievementsDataStore.swift */ = {isa = PBXFileReference; lastKnownFileType = sourcecode.swift; path = IndividualAchievementsDataStore.swift; sourceTree = "<group>"; };
		81FAB4C62430F08200309FA4 /* AdditionalInformationViewController.swift */ = {isa = PBXFileReference; lastKnownFileType = sourcecode.swift; path = AdditionalInformationViewController.swift; sourceTree = "<group>"; };
		81FAB4C82430F09000309FA4 /* AdditionalInformationPresenter.swift */ = {isa = PBXFileReference; lastKnownFileType = sourcecode.swift; path = AdditionalInformationPresenter.swift; sourceTree = "<group>"; };
		81FAB4CA2430F09B00309FA4 /* AdditionalInformationInteractor.swift */ = {isa = PBXFileReference; lastKnownFileType = sourcecode.swift; path = AdditionalInformationInteractor.swift; sourceTree = "<group>"; };
		81FAB4CC2430F0B200309FA4 /* AdditionalInformationConfigurator.swift */ = {isa = PBXFileReference; lastKnownFileType = sourcecode.swift; path = AdditionalInformationConfigurator.swift; sourceTree = "<group>"; };
		81FAB4CF2430F0D400309FA4 /* AdditionalInformationAPI.swift */ = {isa = PBXFileReference; lastKnownFileType = sourcecode.swift; path = AdditionalInformationAPI.swift; sourceTree = "<group>"; };
		81FAB4D12430F0DB00309FA4 /* AdditionalInformationProvider.swift */ = {isa = PBXFileReference; lastKnownFileType = sourcecode.swift; path = AdditionalInformationProvider.swift; sourceTree = "<group>"; };
		81FAB4D42430F44300309FA4 /* AdditionalInformationView.swift */ = {isa = PBXFileReference; lastKnownFileType = sourcecode.swift; path = AdditionalInformationView.swift; sourceTree = "<group>"; };
		81FAB4D62431206400309FA4 /* AbiturientTextView.swift */ = {isa = PBXFileReference; lastKnownFileType = sourcecode.swift; path = AbiturientTextView.swift; sourceTree = "<group>"; };
		AD233D9F06D53940B764C156 /* Pods-Abiturient.debug.xcconfig */ = {isa = PBXFileReference; includeInIndex = 1; lastKnownFileType = text.xcconfig; name = "Pods-Abiturient.debug.xcconfig"; path = "Target Support Files/Pods-Abiturient/Pods-Abiturient.debug.xcconfig"; sourceTree = "<group>"; };
		C57D64853A63C95AB9ED7016 /* Pods-Abiturient.release.xcconfig */ = {isa = PBXFileReference; includeInIndex = 1; lastKnownFileType = text.xcconfig; name = "Pods-Abiturient.release.xcconfig"; path = "Target Support Files/Pods-Abiturient/Pods-Abiturient.release.xcconfig"; sourceTree = "<group>"; };
		DD248CC1348D8C4218587538 /* Pods_Abiturient.framework */ = {isa = PBXFileReference; explicitFileType = wrapper.framework; includeInIndex = 0; path = Pods_Abiturient.framework; sourceTree = BUILT_PRODUCTS_DIR; };
/* End PBXFileReference section */

/* Begin PBXFrameworksBuildPhase section */
		818ED4092402982900F4CFB4 /* Frameworks */ = {
			isa = PBXFrameworksBuildPhase;
			buildActionMask = 2147483647;
			files = (
				ED85023D168AEA9D5D32287B /* Pods_Abiturient.framework in Frameworks */,
			);
			runOnlyForDeploymentPostprocessing = 0;
		};
/* End PBXFrameworksBuildPhase section */

/* Begin PBXGroup section */
		12AC8E668B75ADC7887759A5 /* Frameworks */ = {
			isa = PBXGroup;
			children = (
				DD248CC1348D8C4218587538 /* Pods_Abiturient.framework */,
			);
			name = Frameworks;
			sourceTree = "<group>";
		};
		27D1D42583BD800BFE647974 /* Pods */ = {
			isa = PBXGroup;
			children = (
				AD233D9F06D53940B764C156 /* Pods-Abiturient.debug.xcconfig */,
				C57D64853A63C95AB9ED7016 /* Pods-Abiturient.release.xcconfig */,
			);
			path = Pods;
			sourceTree = "<group>";
		};
		81010D3F2420086900B26E67 /* Extensions */ = {
			isa = PBXGroup;
			children = (
				81010D402420087F00B26E67 /* UIColorExtension.swift */,
				8137050D2427FC51006E5CB7 /* UILabelExtension.swift */,
				817153372443218E00161669 /* UIViewControllerExtension.swift */,
			);
			path = Extensions;
			sourceTree = "<group>";
		};
		8137050F24281CB9006E5CB7 /* Provider */ = {
			isa = PBXGroup;
			children = (
				8137051024281D08006E5CB7 /* SignUpAPI.swift */,
				8137051224281D13006E5CB7 /* SignUpProvider.swift */,
			);
			path = Provider;
			sourceTree = "<group>";
		};
		813B04D324229C2E00573AA1 /* Schools */ = {
			isa = PBXGroup;
			children = (
				813B04D82422AABB00573AA1 /* SchoolsConfigurator.swift */,
				813B04D42422AA8C00573AA1 /* SchoolsInteractor.swift */,
				813B04D62422AAAB00573AA1 /* SchoolsPresenter.swift */,
				813B04DA2422AACD00573AA1 /* SchoolsViewController.swift */,
				813B04DC2422AAD600573AA1 /* View */,
			);
			path = Schools;
			sourceTree = "<group>";
		};
		813B04DC2422AAD600573AA1 /* View */ = {
			isa = PBXGroup;
			children = (
				813B04DD2422AAE700573AA1 /* SchoolsView.swift */,
			);
			path = View;
			sourceTree = "<group>";
		};
		813B62BD241D31B6009CA610 /* Questionnaire */ = {
			isa = PBXGroup;
			children = (
				813B62C4241D31B6009CA610 /* QuestionnaireConfigurator.swift */,
				813B62C5241D31B6009CA610 /* QuestionnaireInteractor.swift */,
				813B62C6241D31B6009CA610 /* QuestionnairePresenter.swift */,
				813B62BE241D31B6009CA610 /* QuestionnaireViewController.swift */,
				813B62C2241D31B6009CA610 /* View */,
				813B62BF241D31B6009CA610 /* Provider */,
			);
			path = Questionnaire;
			sourceTree = "<group>";
		};
		813B62BF241D31B6009CA610 /* Provider */ = {
			isa = PBXGroup;
			children = (
				81D03233241D32B8004E585D /* QuestionnaireAPI.swift */,
				81D03232241D32B7004E585D /* QuestionnaireProvider.swift */,
			);
			path = Provider;
			sourceTree = "<group>";
		};
		813B62C2241D31B6009CA610 /* View */ = {
			isa = PBXGroup;
			children = (
				813B62C3241D31B6009CA610 /* QuestionnaireView.swift */,
				81010D422420109F00B26E67 /* SelectionView.swift */,
			);
			path = View;
			sourceTree = "<group>";
		};
		814BF44724328E6E00751EDD /* Exams */ = {
			isa = PBXGroup;
			children = (
				814BF44C24328EAA00751EDD /* ExamsConfigurator.swift */,
				8171533524431A9B00161669 /* ExamsDataFlow.swift */,
				814BF44A24328E9C00751EDD /* ExamsInteractor.swift */,
				81B20B192446017A00582E8E /* NotesDataStore.swift */,
				814BF44824328E9000751EDD /* ExamsPresenter.swift */,
				814BF44E24328EBC00751EDD /* ExamsViewController.swift */,
				814BF45324328EDC00751EDD /* Provider */,
				814BF45024328EC300751EDD /* View */,
			);
			path = Exams;
			sourceTree = "<group>";
		};
		814BF45024328EC300751EDD /* View */ = {
			isa = PBXGroup;
			children = (
				814BF45124328ED300751EDD /* ExamsView.swift */,
				817153392443265000161669 /* ExamsTableViewCell.swift */,
				8171533B2445AE8E00161669 /* ExamsCollectionViewCell.swift */,
			);
			path = View;
			sourceTree = "<group>";
		};
		814BF45324328EDC00751EDD /* Provider */ = {
			isa = PBXGroup;
			children = (
				814BF45424328EFC00751EDD /* ExamsProvider.swift */,
				814BF45624328F0500751EDD /* ExamsAPI.swift */,
			);
			path = Provider;
			sourceTree = "<group>";
		};
		815E6F212417917900975DE9 /* Provider */ = {
			isa = PBXGroup;
			children = (
				815E6F222417919700975DE9 /* AuthorizationAPI.swift */,
				815E6F242417936100975DE9 /* AuthorizationProvider.swift */,
			);
			path = Provider;
			sourceTree = "<group>";
		};
		818ED4032402982900F4CFB4 = {
			isa = PBXGroup;
			children = (
				818ED40E2402982A00F4CFB4 /* Student */,
				818ED40D2402982900F4CFB4 /* Products */,
				27D1D42583BD800BFE647974 /* Pods */,
				12AC8E668B75ADC7887759A5 /* Frameworks */,
			);
			sourceTree = "<group>";
		};
		818ED40D2402982900F4CFB4 /* Products */ = {
			isa = PBXGroup;
			children = (
				818ED40C2402982900F4CFB4 /* Student.app */,
			);
			name = Products;
			sourceTree = "<group>";
		};
		818ED40E2402982A00F4CFB4 /* Student */ = {
			isa = PBXGroup;
			children = (
				818ED40F2402982A00F4CFB4 /* AppDelegate.swift */,
				81B1D1232402D657005B80D0 /* TextFieldView.swift */,
				81FAB4D62431206400309FA4 /* AbiturientTextView.swift */,
				81715333244317E300161669 /* User.swift */,
				81DD4BF2244FFF9F00A43CE7 /* FloatingPanelBuilder.swift */,
				81010D3F2420086900B26E67 /* Extensions */,
				81F1893A245E9DCE00F216DB /* ApplicationFilling */,
				81FAB4C52430F01600309FA4 /* AdditionalInformation */,
				818ED4232402A15600F4CFB4 /* Authorization */,
				814BF44724328E6E00751EDD /* Exams */,
				81FA69482455AA4400412D4E /* IndividualAchievements */,
				81DD4BF4245000E900A43CE7 /* ParametrPicker */,
				81B20B1B2446109100582E8E /* SelectExam */,
				813B04D324229C2E00573AA1 /* Schools */,
				81B1D1252402E5B7005B80D0 /* SignUp */,
				813B62BD241D31B6009CA610 /* Questionnaire */,
				818ED4182402982A00F4CFB4 /* Assets.xcassets */,
				818ED41A2402982A00F4CFB4 /* LaunchScreen.storyboard */,
				818ED41D2402982A00F4CFB4 /* Info.plist */,
			);
			path = Student;
			sourceTree = "<group>";
		};
		818ED4232402A15600F4CFB4 /* Authorization */ = {
			isa = PBXGroup;
			children = (
				815E6F1F2415253400975DE9 /* AuthorizationConfigurator.swift */,
				818ED42B2402A62E00F4CFB4 /* AuthorizationInteractor.swift */,
				818ED4292402A62500F4CFB4 /* AuthorizationPresenter.swift */,
				818ED4242402A18900F4CFB4 /* AuthorizationViewController.swift */,
				815E6F212417917900975DE9 /* Provider */,
				818ED4262402A1A300F4CFB4 /* View */,
			);
			path = Authorization;
			sourceTree = "<group>";
		};
		818ED4262402A1A300F4CFB4 /* View */ = {
			isa = PBXGroup;
			children = (
				818ED4272402A1BA00F4CFB4 /* AuthorizationView.swift */,
			);
			path = View;
			sourceTree = "<group>";
		};
		81B1D1252402E5B7005B80D0 /* SignUp */ = {
			isa = PBXGroup;
			children = (
				81781CCC2412742F00B29F93 /* SignUpConfigurator.swift */,
				81B1D1262402E5E7005B80D0 /* SignUpInteractor.swift */,
				81B1D12A2402E608005B80D0 /* SignUpPresenter.swift */,
				81B1D1282402E5F6005B80D0 /* SignUpViewController.swift */,
				8137050F24281CB9006E5CB7 /* Provider */,
				81B1D12E2402E61E005B80D0 /* View */,
			);
			path = SignUp;
			sourceTree = "<group>";
		};
		81B1D12E2402E61E005B80D0 /* View */ = {
			isa = PBXGroup;
			children = (
				81B1D12F2402E62B005B80D0 /* SignUpView.swift */,
			);
			path = View;
			sourceTree = "<group>";
		};
		81B20B1B2446109100582E8E /* SelectExam */ = {
			isa = PBXGroup;
			children = (
				81DD4BE8244F46C300A43CE7 /* SelectExamConfigurator.swift */,
				81DD4BE6244F46B400A43CE7 /* SelectExamInteractor.swift */,
				81DD4C0524500AFB00A43CE7 /* SelectExamDataFlow.swift */,
				81DD4BE4244F46AA00A43CE7 /* SelectExamPresenter.swift */,
				81DD4BE2244F469400A43CE7 /* SelectExamViewController.swift */,
				81DD4BED244F941700A43CE7 /* Provider */,
				81DD4BEA244F46D200A43CE7 /* View */,
			);
			path = SelectExam;
			sourceTree = "<group>";
		};
		81DD4BEA244F46D200A43CE7 /* View */ = {
			isa = PBXGroup;
			children = (
				81DD4BEB244F46DC00A43CE7 /* SelectExamView.swift */,
			);
			path = View;
			sourceTree = "<group>";
		};
		81DD4BED244F941700A43CE7 /* Provider */ = {
			isa = PBXGroup;
			children = (
				81DD4BEE244F942A00A43CE7 /* SelectExamProvider.swift */,
				81DD4BF0244F943600A43CE7 /* SelectExamAPI.swift */,
			);
			path = Provider;
			sourceTree = "<group>";
		};
		81DD4BF4245000E900A43CE7 /* ParametrPicker */ = {
			isa = PBXGroup;
			children = (
				81DD4BF52450015700A43CE7 /* ParametrPickerConfigurator.swift */,
				81DD4BF72450016400A43CE7 /* ParametrPickerInteractor.swift */,
				81DD4BF92450016E00A43CE7 /* ParametrPickerPresenter.swift */,
				81DD4BFB2450017900A43CE7 /* ParametrPickerViewController.swift */,
				81DD4C002450018C00A43CE7 /* Provider */,
				81DD4BFD2450017D00A43CE7 /* View */,
			);
			path = ParametrPicker;
			sourceTree = "<group>";
		};
		81DD4BFD2450017D00A43CE7 /* View */ = {
			isa = PBXGroup;
			children = (
				81DD4BFE2450018400A43CE7 /* ParametrPickerView.swift */,
			);
			path = View;
			sourceTree = "<group>";
		};
		81DD4C002450018C00A43CE7 /* Provider */ = {
			isa = PBXGroup;
			children = (
				81DD4C03245001A100A43CE7 /* ParametrPickerAPI.swift */,
				81DD4C012450019900A43CE7 /* ParametrPickerProvider.swift */,
			);
			path = Provider;
			sourceTree = "<group>";
		};
		81F1893A245E9DCE00F216DB /* ApplicationFilling */ = {
			isa = PBXGroup;
			children = (
				81F1893B245E9E0A00F216DB /* ApplicationFillingConfigurator.swift */,
				81F1893D245E9E1500F216DB /* ApplicationFillingInteractor.swift */,
				81F1893F245E9E1F00F216DB /* ApplicationFillingPresenter.swift */,
				81F18941245E9E2F00F216DB /* ApplicationFillingViewController.swift */,
				81964AD92480A64700809665 /* ApplicationFillingHelpViewController.swift */,
				81F1894F245E9EB500F216DB /* Provider */,
				81F18943245E9E3A00F216DB /* View */,
			);
			path = ApplicationFilling;
			sourceTree = "<group>";
		};
		81F18943245E9E3A00F216DB /* View */ = {
			isa = PBXGroup;
			children = (
				81F18944245E9E4300F216DB /* ApplicationFillingView.swift */,
				81F18946245E9E4F00F216DB /* ApplicationFillingTableViewCell.swift */,
				81964ADB2480A68000809665 /* ApplicationFillingHelpView.swift */,
			);
			path = View;
			sourceTree = "<group>";
		};
		81F1894F245E9EB500F216DB /* Provider */ = {
			isa = PBXGroup;
			children = (
				81F1894E245E9EB400F216DB /* ApplicationFillingProvider.swift */,
				81F1894D245E9EB400F216DB /* ApplicationFillingAPI.swift */,
			);
			path = Provider;
			sourceTree = "<group>";
		};
		81FA69482455AA4400412D4E /* IndividualAchievements */ = {
			isa = PBXGroup;
			children = (
				81FA69492455AA7300412D4E /* IndividualAchievementsConfigurator.swift */,
				81FA694B2455AA8200412D4E /* IndividualAchievementsInteractor.swift */,
				81FA695B2455B77A00412D4E /* IndividualAchievementsDataStore.swift */,
				81FA694D2455AA8C00412D4E /* IndividualAchievementsPresenter.swift */,
				81FA694F2455AA9500412D4E /* IndividualAchievementsViewController.swift */,
				81964ADD2480B80B00809665 /* IndividualAchievementsHelpViewController.swift */,
				81FA69542455AAA900412D4E /* Provider */,
				81FA69512455AA9C00412D4E /* View */,
			);
			path = IndividualAchievements;
			sourceTree = "<group>";
		};
		81FA69512455AA9C00412D4E /* View */ = {
			isa = PBXGroup;
			children = (
				81FA69522455AAA400412D4E /* IndividualAchievementsView.swift */,
				81964ADF2480B81B00809665 /* IndividualAchievementsHelpView.swift */,
				81FA69592455B54900412D4E /* IndividualAchievementsTableViewCell.swift */,
				81964AE12480BE5500809665 /* SelectedIndividualAchievementView.swift */,
			);
			path = View;
			sourceTree = "<group>";
		};
		81FA69542455AAA900412D4E /* Provider */ = {
			isa = PBXGroup;
			children = (
				81FA69552455AAB500412D4E /* IndividualAchievementsProvider.swift */,
				81FA69572455AABD00412D4E /* IndividualAchievementsAPI.swift */,
			);
			path = Provider;
			sourceTree = "<group>";
		};
		81FAB4C52430F01600309FA4 /* AdditionalInformation */ = {
			isa = PBXGroup;
			children = (
				81FAB4CC2430F0B200309FA4 /* AdditionalInformationConfigurator.swift */,
				81FAB4CA2430F09B00309FA4 /* AdditionalInformationInteractor.swift */,
				81FAB4C82430F09000309FA4 /* AdditionalInformationPresenter.swift */,
				81FAB4C62430F08200309FA4 /* AdditionalInformationViewController.swift */,
				81FAB4D32430F32600309FA4 /* View */,
				81FAB4CE2430F0C300309FA4 /* Provider */,
			);
			path = AdditionalInformation;
			sourceTree = "<group>";
		};
		81FAB4CE2430F0C300309FA4 /* Provider */ = {
			isa = PBXGroup;
			children = (
				81FAB4CF2430F0D400309FA4 /* AdditionalInformationAPI.swift */,
				81FAB4D12430F0DB00309FA4 /* AdditionalInformationProvider.swift */,
			);
			path = Provider;
			sourceTree = "<group>";
		};
		81FAB4D32430F32600309FA4 /* View */ = {
			isa = PBXGroup;
			children = (
				81FAB4D42430F44300309FA4 /* AdditionalInformationView.swift */,
			);
			path = View;
			sourceTree = "<group>";
		};
/* End PBXGroup section */

/* Begin PBXNativeTarget section */
		818ED40B2402982900F4CFB4 /* Student */ = {
			isa = PBXNativeTarget;
			buildConfigurationList = 818ED4202402982A00F4CFB4 /* Build configuration list for PBXNativeTarget "Student" */;
			buildPhases = (
				016698BCB77D9CDF12FE1860 /* [CP] Check Pods Manifest.lock */,
				818ED4082402982900F4CFB4 /* Sources */,
				818ED4092402982900F4CFB4 /* Frameworks */,
				818ED40A2402982900F4CFB4 /* Resources */,
				3A2912FEE3FA0D9DAED0F303 /* [CP] Embed Pods Frameworks */,
			);
			buildRules = (
			);
			dependencies = (
			);
			name = Student;
			productName = Abiturient;
			productReference = 818ED40C2402982900F4CFB4 /* Student.app */;
			productType = "com.apple.product-type.application";
		};
/* End PBXNativeTarget section */

/* Begin PBXProject section */
		818ED4042402982900F4CFB4 /* Project object */ = {
			isa = PBXProject;
			attributes = {
				LastSwiftUpdateCheck = 1130;
				LastUpgradeCheck = 1130;
				ORGANIZATIONNAME = "Artur gaisin";
				TargetAttributes = {
					818ED40B2402982900F4CFB4 = {
						CreatedOnToolsVersion = 11.3.1;
					};
				};
			};
			buildConfigurationList = 818ED4072402982900F4CFB4 /* Build configuration list for PBXProject "Student" */;
			compatibilityVersion = "Xcode 9.3";
			developmentRegion = en;
			hasScannedForEncodings = 0;
			knownRegions = (
				en,
				Base,
			);
			mainGroup = 818ED4032402982900F4CFB4;
			productRefGroup = 818ED40D2402982900F4CFB4 /* Products */;
			projectDirPath = "";
			projectRoot = "";
			targets = (
				818ED40B2402982900F4CFB4 /* Student */,
			);
		};
/* End PBXProject section */

/* Begin PBXResourcesBuildPhase section */
		818ED40A2402982900F4CFB4 /* Resources */ = {
			isa = PBXResourcesBuildPhase;
			buildActionMask = 2147483647;
			files = (
				818ED41C2402982A00F4CFB4 /* LaunchScreen.storyboard in Resources */,
				818ED4192402982A00F4CFB4 /* Assets.xcassets in Resources */,
			);
			runOnlyForDeploymentPostprocessing = 0;
		};
/* End PBXResourcesBuildPhase section */

/* Begin PBXShellScriptBuildPhase section */
		016698BCB77D9CDF12FE1860 /* [CP] Check Pods Manifest.lock */ = {
			isa = PBXShellScriptBuildPhase;
			buildActionMask = 2147483647;
			files = (
			);
			inputFileListPaths = (
			);
			inputPaths = (
				"${PODS_PODFILE_DIR_PATH}/Podfile.lock",
				"${PODS_ROOT}/Manifest.lock",
			);
			name = "[CP] Check Pods Manifest.lock";
			outputFileListPaths = (
			);
			outputPaths = (
				"$(DERIVED_FILE_DIR)/Pods-Abiturient-checkManifestLockResult.txt",
			);
			runOnlyForDeploymentPostprocessing = 0;
			shellPath = /bin/sh;
			shellScript = "diff \"${PODS_PODFILE_DIR_PATH}/Podfile.lock\" \"${PODS_ROOT}/Manifest.lock\" > /dev/null\nif [ $? != 0 ] ; then\n    # print error to STDERR\n    echo \"error: The sandbox is not in sync with the Podfile.lock. Run 'pod install' or update your CocoaPods installation.\" >&2\n    exit 1\nfi\n# This output is used by Xcode 'outputs' to avoid re-running this script phase.\necho \"SUCCESS\" > \"${SCRIPT_OUTPUT_FILE_0}\"\n";
			showEnvVarsInLog = 0;
		};
		3A2912FEE3FA0D9DAED0F303 /* [CP] Embed Pods Frameworks */ = {
			isa = PBXShellScriptBuildPhase;
			buildActionMask = 2147483647;
			files = (
			);
			inputFileListPaths = (
				"${PODS_ROOT}/Target Support Files/Pods-Abiturient/Pods-Abiturient-frameworks-${CONFIGURATION}-input-files.xcfilelist",
			);
			name = "[CP] Embed Pods Frameworks";
			outputFileListPaths = (
				"${PODS_ROOT}/Target Support Files/Pods-Abiturient/Pods-Abiturient-frameworks-${CONFIGURATION}-output-files.xcfilelist",
			);
			runOnlyForDeploymentPostprocessing = 0;
			shellPath = /bin/sh;
			shellScript = "\"${PODS_ROOT}/Target Support Files/Pods-Abiturient/Pods-Abiturient-frameworks.sh\"\n";
			showEnvVarsInLog = 0;
		};
/* End PBXShellScriptBuildPhase section */

/* Begin PBXSourcesBuildPhase section */
		818ED4082402982900F4CFB4 /* Sources */ = {
			isa = PBXSourcesBuildPhase;
			buildActionMask = 2147483647;
			files = (
				81D03235241D32B8004E585D /* QuestionnaireAPI.swift in Sources */,
				81964AE22480BE5500809665 /* SelectedIndividualAchievementView.swift in Sources */,
				814BF45724328F0500751EDD /* ExamsAPI.swift in Sources */,
				81DD4BEC244F46DC00A43CE7 /* SelectExamView.swift in Sources */,
				81DD4BF1244F943600A43CE7 /* SelectExamAPI.swift in Sources */,
				81FA695A2455B54900412D4E /* IndividualAchievementsTableViewCell.swift in Sources */,
				81DD4BF3244FFF9F00A43CE7 /* FloatingPanelBuilder.swift in Sources */,
				817153382443218E00161669 /* UIViewControllerExtension.swift in Sources */,
				815E6F252417936100975DE9 /* AuthorizationProvider.swift in Sources */,
				81FAB4D72431206400309FA4 /* AbiturientTextView.swift in Sources */,
				81F18945245E9E4300F216DB /* ApplicationFillingView.swift in Sources */,
				814BF44924328E9000751EDD /* ExamsPresenter.swift in Sources */,
				81F18951245E9EB500F216DB /* ApplicationFillingProvider.swift in Sources */,
				81DD4BFF2450018400A43CE7 /* ParametrPickerView.swift in Sources */,
				81DD4C022450019900A43CE7 /* ParametrPickerProvider.swift in Sources */,
				81964ADE2480B80B00809665 /* IndividualAchievementsHelpViewController.swift in Sources */,
				813B62CA241D31B6009CA610 /* QuestionnaireView.swift in Sources */,
				81DD4C0624500AFB00A43CE7 /* SelectExamDataFlow.swift in Sources */,
				81FAB4D02430F0D400309FA4 /* AdditionalInformationAPI.swift in Sources */,
				81B1D1292402E5F6005B80D0 /* SignUpViewController.swift in Sources */,
				813B04DB2422AACD00573AA1 /* SchoolsViewController.swift in Sources */,
				813B04D92422AABB00573AA1 /* SchoolsConfigurator.swift in Sources */,
				81010D412420087F00B26E67 /* UIColorExtension.swift in Sources */,
				81FAB4D22430F0DB00309FA4 /* AdditionalInformationProvider.swift in Sources */,
				818ED4252402A18900F4CFB4 /* AuthorizationViewController.swift in Sources */,
				818ED4102402982A00F4CFB4 /* AppDelegate.swift in Sources */,
				81F1893E245E9E1500F216DB /* ApplicationFillingInteractor.swift in Sources */,
				81DD4BE5244F46AA00A43CE7 /* SelectExamPresenter.swift in Sources */,
				81FA694A2455AA7300412D4E /* IndividualAchievementsConfigurator.swift in Sources */,
				81FA69532455AAA400412D4E /* IndividualAchievementsView.swift in Sources */,
				81DD4C04245001A100A43CE7 /* ParametrPickerAPI.swift in Sources */,
				81FAB4CB2430F09B00309FA4 /* AdditionalInformationInteractor.swift in Sources */,
				81964AE02480B81B00809665 /* IndividualAchievementsHelpView.swift in Sources */,
				81F18947245E9E4F00F216DB /* ApplicationFillingTableViewCell.swift in Sources */,
				81781CCD2412742F00B29F93 /* SignUpConfigurator.swift in Sources */,
				81FAB4C92430F09000309FA4 /* AdditionalInformationPresenter.swift in Sources */,
				81FAB4CD2430F0B200309FA4 /* AdditionalInformationConfigurator.swift in Sources */,
				81F18942245E9E2F00F216DB /* ApplicationFillingViewController.swift in Sources */,
				81DD4BF62450015700A43CE7 /* ParametrPickerConfigurator.swift in Sources */,
				8171533624431A9B00161669 /* ExamsDataFlow.swift in Sources */,
				81FA695C2455B77A00412D4E /* IndividualAchievementsDataStore.swift in Sources */,
				81DD4BE9244F46C300A43CE7 /* SelectExamConfigurator.swift in Sources */,
				818ED42C2402A62E00F4CFB4 /* AuthorizationInteractor.swift in Sources */,
				81FA694E2455AA8C00412D4E /* IndividualAchievementsPresenter.swift in Sources */,
				813B04DE2422AAE700573AA1 /* SchoolsView.swift in Sources */,
				81FA694C2455AA8200412D4E /* IndividualAchievementsInteractor.swift in Sources */,
				81715334244317E300161669 /* User.swift in Sources */,
				813B62CC241D31B6009CA610 /* QuestionnaireInteractor.swift in Sources */,
				813B62C7241D31B6009CA610 /* QuestionnaireViewController.swift in Sources */,
				815E6F202415253400975DE9 /* AuthorizationConfigurator.swift in Sources */,
				818ED42A2402A62500F4CFB4 /* AuthorizationPresenter.swift in Sources */,
				8137051324281D13006E5CB7 /* SignUpProvider.swift in Sources */,
				813B62CB241D31B6009CA610 /* QuestionnaireConfigurator.swift in Sources */,
				814BF44B24328E9C00751EDD /* ExamsInteractor.swift in Sources */,
				813B62CD241D31B6009CA610 /* QuestionnairePresenter.swift in Sources */,
				81DD4BE3244F469400A43CE7 /* SelectExamViewController.swift in Sources */,
				81FAB4C72430F08200309FA4 /* AdditionalInformationViewController.swift in Sources */,
				818ED4282402A1BA00F4CFB4 /* AuthorizationView.swift in Sources */,
				814BF44F24328EBC00751EDD /* ExamsViewController.swift in Sources */,
				81964ADA2480A64700809665 /* ApplicationFillingHelpViewController.swift in Sources */,
				813B04D72422AAAB00573AA1 /* SchoolsPresenter.swift in Sources */,
				81FA69502455AA9500412D4E /* IndividualAchievementsViewController.swift in Sources */,
				81DD4BF82450016400A43CE7 /* ParametrPickerInteractor.swift in Sources */,
				81B1D12B2402E608005B80D0 /* SignUpPresenter.swift in Sources */,
				8137051124281D08006E5CB7 /* SignUpAPI.swift in Sources */,
				81D03234241D32B8004E585D /* QuestionnaireProvider.swift in Sources */,
				81F18950245E9EB500F216DB /* ApplicationFillingAPI.swift in Sources */,
				81DD4BFC2450017900A43CE7 /* ParametrPickerViewController.swift in Sources */,
				81B20B1A2446017A00582E8E /* NotesDataStore.swift in Sources */,
				8137050E2427FC51006E5CB7 /* UILabelExtension.swift in Sources */,
				81FAB4D52430F44300309FA4 /* AdditionalInformationView.swift in Sources */,
				81F1893C245E9E0A00F216DB /* ApplicationFillingConfigurator.swift in Sources */,
				81DD4BEF244F942A00A43CE7 /* SelectExamProvider.swift in Sources */,
				814BF45224328ED300751EDD /* ExamsView.swift in Sources */,
				81FA69582455AABD00412D4E /* IndividualAchievementsAPI.swift in Sources */,
				813B04D52422AA8C00573AA1 /* SchoolsInteractor.swift in Sources */,
				81964ADC2480A68000809665 /* ApplicationFillingHelpView.swift in Sources */,
				814BF45524328EFC00751EDD /* ExamsProvider.swift in Sources */,
				8171533A2443265000161669 /* ExamsTableViewCell.swift in Sources */,
				8171533C2445AE8E00161669 /* ExamsCollectionViewCell.swift in Sources */,
				814BF44D24328EAA00751EDD /* ExamsConfigurator.swift in Sources */,
				81F18940245E9E1F00F216DB /* ApplicationFillingPresenter.swift in Sources */,
				81DD4BFA2450016E00A43CE7 /* ParametrPickerPresenter.swift in Sources */,
				81FA69562455AAB500412D4E /* IndividualAchievementsProvider.swift in Sources */,
				815E6F232417919700975DE9 /* AuthorizationAPI.swift in Sources */,
				81B1D1302402E62B005B80D0 /* SignUpView.swift in Sources */,
				81B1D1272402E5E7005B80D0 /* SignUpInteractor.swift in Sources */,
				81B1D1242402D657005B80D0 /* TextFieldView.swift in Sources */,
				81DD4BE7244F46B400A43CE7 /* SelectExamInteractor.swift in Sources */,
				81010D432420109F00B26E67 /* SelectionView.swift in Sources */,
			);
			runOnlyForDeploymentPostprocessing = 0;
		};
/* End PBXSourcesBuildPhase section */

/* Begin PBXVariantGroup section */
		818ED41A2402982A00F4CFB4 /* LaunchScreen.storyboard */ = {
			isa = PBXVariantGroup;
			children = (
				818ED41B2402982A00F4CFB4 /* Base */,
			);
			name = LaunchScreen.storyboard;
			sourceTree = "<group>";
		};
/* End PBXVariantGroup section */

/* Begin XCBuildConfiguration section */
		818ED41E2402982A00F4CFB4 /* Debug */ = {
			isa = XCBuildConfiguration;
			buildSettings = {
				ALWAYS_SEARCH_USER_PATHS = NO;
				CLANG_ANALYZER_NONNULL = YES;
				CLANG_ANALYZER_NUMBER_OBJECT_CONVERSION = YES_AGGRESSIVE;
				CLANG_CXX_LANGUAGE_STANDARD = "gnu++14";
				CLANG_CXX_LIBRARY = "libc++";
				CLANG_ENABLE_MODULES = YES;
				CLANG_ENABLE_OBJC_ARC = YES;
				CLANG_ENABLE_OBJC_WEAK = YES;
				CLANG_WARN_BLOCK_CAPTURE_AUTORELEASING = YES;
				CLANG_WARN_BOOL_CONVERSION = YES;
				CLANG_WARN_COMMA = YES;
				CLANG_WARN_CONSTANT_CONVERSION = YES;
				CLANG_WARN_DEPRECATED_OBJC_IMPLEMENTATIONS = YES;
				CLANG_WARN_DIRECT_OBJC_ISA_USAGE = YES_ERROR;
				CLANG_WARN_DOCUMENTATION_COMMENTS = YES;
				CLANG_WARN_EMPTY_BODY = YES;
				CLANG_WARN_ENUM_CONVERSION = YES;
				CLANG_WARN_INFINITE_RECURSION = YES;
				CLANG_WARN_INT_CONVERSION = YES;
				CLANG_WARN_NON_LITERAL_NULL_CONVERSION = YES;
				CLANG_WARN_OBJC_IMPLICIT_RETAIN_SELF = YES;
				CLANG_WARN_OBJC_LITERAL_CONVERSION = YES;
				CLANG_WARN_OBJC_ROOT_CLASS = YES_ERROR;
				CLANG_WARN_RANGE_LOOP_ANALYSIS = YES;
				CLANG_WARN_STRICT_PROTOTYPES = YES;
				CLANG_WARN_SUSPICIOUS_MOVE = YES;
				CLANG_WARN_UNGUARDED_AVAILABILITY = YES_AGGRESSIVE;
				CLANG_WARN_UNREACHABLE_CODE = YES;
				CLANG_WARN__DUPLICATE_METHOD_MATCH = YES;
				COPY_PHASE_STRIP = NO;
				DEBUG_INFORMATION_FORMAT = dwarf;
				ENABLE_STRICT_OBJC_MSGSEND = YES;
				ENABLE_TESTABILITY = YES;
				GCC_C_LANGUAGE_STANDARD = gnu11;
				GCC_DYNAMIC_NO_PIC = NO;
				GCC_NO_COMMON_BLOCKS = YES;
				GCC_OPTIMIZATION_LEVEL = 0;
				GCC_PREPROCESSOR_DEFINITIONS = (
					"DEBUG=1",
					"$(inherited)",
				);
				GCC_WARN_64_TO_32_BIT_CONVERSION = YES;
				GCC_WARN_ABOUT_RETURN_TYPE = YES_ERROR;
				GCC_WARN_UNDECLARED_SELECTOR = YES;
				GCC_WARN_UNINITIALIZED_AUTOS = YES_AGGRESSIVE;
				GCC_WARN_UNUSED_FUNCTION = YES;
				GCC_WARN_UNUSED_VARIABLE = YES;
				MTL_ENABLE_DEBUG_INFO = INCLUDE_SOURCE;
				MTL_FAST_MATH = YES;
				ONLY_ACTIVE_ARCH = YES;
				SDKROOT = iphoneos;
				SWIFT_ACTIVE_COMPILATION_CONDITIONS = DEBUG;
				SWIFT_OPTIMIZATION_LEVEL = "-Onone";
			};
			name = Debug;
		};
		818ED41F2402982A00F4CFB4 /* Release */ = {
			isa = XCBuildConfiguration;
			buildSettings = {
				ALWAYS_SEARCH_USER_PATHS = NO;
				CLANG_ANALYZER_NONNULL = YES;
				CLANG_ANALYZER_NUMBER_OBJECT_CONVERSION = YES_AGGRESSIVE;
				CLANG_CXX_LANGUAGE_STANDARD = "gnu++14";
				CLANG_CXX_LIBRARY = "libc++";
				CLANG_ENABLE_MODULES = YES;
				CLANG_ENABLE_OBJC_ARC = YES;
				CLANG_ENABLE_OBJC_WEAK = YES;
				CLANG_WARN_BLOCK_CAPTURE_AUTORELEASING = YES;
				CLANG_WARN_BOOL_CONVERSION = YES;
				CLANG_WARN_COMMA = YES;
				CLANG_WARN_CONSTANT_CONVERSION = YES;
				CLANG_WARN_DEPRECATED_OBJC_IMPLEMENTATIONS = YES;
				CLANG_WARN_DIRECT_OBJC_ISA_USAGE = YES_ERROR;
				CLANG_WARN_DOCUMENTATION_COMMENTS = YES;
				CLANG_WARN_EMPTY_BODY = YES;
				CLANG_WARN_ENUM_CONVERSION = YES;
				CLANG_WARN_INFINITE_RECURSION = YES;
				CLANG_WARN_INT_CONVERSION = YES;
				CLANG_WARN_NON_LITERAL_NULL_CONVERSION = YES;
				CLANG_WARN_OBJC_IMPLICIT_RETAIN_SELF = YES;
				CLANG_WARN_OBJC_LITERAL_CONVERSION = YES;
				CLANG_WARN_OBJC_ROOT_CLASS = YES_ERROR;
				CLANG_WARN_RANGE_LOOP_ANALYSIS = YES;
				CLANG_WARN_STRICT_PROTOTYPES = YES;
				CLANG_WARN_SUSPICIOUS_MOVE = YES;
				CLANG_WARN_UNGUARDED_AVAILABILITY = YES_AGGRESSIVE;
				CLANG_WARN_UNREACHABLE_CODE = YES;
				CLANG_WARN__DUPLICATE_METHOD_MATCH = YES;
				COPY_PHASE_STRIP = NO;
				DEBUG_INFORMATION_FORMAT = "dwarf-with-dsym";
				ENABLE_NS_ASSERTIONS = NO;
				ENABLE_STRICT_OBJC_MSGSEND = YES;
				GCC_C_LANGUAGE_STANDARD = gnu11;
				GCC_NO_COMMON_BLOCKS = YES;
				GCC_WARN_64_TO_32_BIT_CONVERSION = YES;
				GCC_WARN_ABOUT_RETURN_TYPE = YES_ERROR;
				GCC_WARN_UNDECLARED_SELECTOR = YES;
				GCC_WARN_UNINITIALIZED_AUTOS = YES_AGGRESSIVE;
				GCC_WARN_UNUSED_FUNCTION = YES;
				GCC_WARN_UNUSED_VARIABLE = YES;
				MTL_ENABLE_DEBUG_INFO = NO;
				MTL_FAST_MATH = YES;
				SDKROOT = iphoneos;
				SWIFT_COMPILATION_MODE = wholemodule;
				SWIFT_OPTIMIZATION_LEVEL = "-O";
				VALIDATE_PRODUCT = YES;
			};
			name = Release;
		};
		818ED4212402982A00F4CFB4 /* Debug */ = {
			isa = XCBuildConfiguration;
			baseConfigurationReference = AD233D9F06D53940B764C156 /* Pods-Abiturient.debug.xcconfig */;
			buildSettings = {
				ASSETCATALOG_COMPILER_APPICON_NAME = AppIcon;
				CODE_SIGN_STYLE = Automatic;
				DEVELOPMENT_TEAM = 6T22G23RMG;
				INFOPLIST_FILE = Student/Info.plist;
				IPHONEOS_DEPLOYMENT_TARGET = 11.0;
				LD_RUNPATH_SEARCH_PATHS = (
					"$(inherited)",
					"@executable_path/Frameworks",
				);
				PRODUCT_BUNDLE_IDENTIFIER = com.coursework.Student;
				PRODUCT_NAME = Student;
				SWIFT_VERSION = 5.0;
				TARGETED_DEVICE_FAMILY = "1,2";
			};
			name = Debug;
		};
		818ED4222402982A00F4CFB4 /* Release */ = {
			isa = XCBuildConfiguration;
			baseConfigurationReference = C57D64853A63C95AB9ED7016 /* Pods-Abiturient.release.xcconfig */;
			buildSettings = {
				ASSETCATALOG_COMPILER_APPICON_NAME = AppIcon;
				CODE_SIGN_STYLE = Automatic;
				DEVELOPMENT_TEAM = 6T22G23RMG;
				INFOPLIST_FILE = Student/Info.plist;
				IPHONEOS_DEPLOYMENT_TARGET = 11.0;
				LD_RUNPATH_SEARCH_PATHS = (
					"$(inherited)",
					"@executable_path/Frameworks",
				);
				PRODUCT_BUNDLE_IDENTIFIER = com.coursework.Student;
				PRODUCT_NAME = Student;
				SWIFT_VERSION = 5.0;
				TARGETED_DEVICE_FAMILY = "1,2";
			};
			name = Release;
		};
/* End XCBuildConfiguration section */

/* Begin XCConfigurationList section */
		818ED4072402982900F4CFB4 /* Build configuration list for PBXProject "Student" */ = {
			isa = XCConfigurationList;
			buildConfigurations = (
				818ED41E2402982A00F4CFB4 /* Debug */,
				818ED41F2402982A00F4CFB4 /* Release */,
			);
			defaultConfigurationIsVisible = 0;
			defaultConfigurationName = Release;
		};
		818ED4202402982A00F4CFB4 /* Build configuration list for PBXNativeTarget "Student" */ = {
			isa = XCConfigurationList;
			buildConfigurations = (
				818ED4212402982A00F4CFB4 /* Debug */,
				818ED4222402982A00F4CFB4 /* Release */,
			);
			defaultConfigurationIsVisible = 0;
			defaultConfigurationName = Release;
		};
/* End XCConfigurationList section */
	};
	rootObject = 818ED4042402982900F4CFB4 /* Project object */;
}
